// !$*UTF8*$!
{
	archiveVersion = 1;
	classes = {
	};
	objectVersion = 46;
	objects = {

/* Begin PBXBuildFile section */
		D4C7FD7B1DA4045700E9E68D /* AppDelegate.swift in Sources */ = {isa = PBXBuildFile; fileRef = D4C7FD7A1DA4045700E9E68D /* AppDelegate.swift */; };
		D4C7FD7D1DA4045700E9E68D /* ViewController.swift in Sources */ = {isa = PBXBuildFile; fileRef = D4C7FD7C1DA4045700E9E68D /* ViewController.swift */; };
		D4C7FD801DA4045700E9E68D /* Main.storyboard in Resources */ = {isa = PBXBuildFile; fileRef = D4C7FD7E1DA4045700E9E68D /* Main.storyboard */; };
		D4C7FD821DA4045700E9E68D /* Assets.xcassets in Resources */ = {isa = PBXBuildFile; fileRef = D4C7FD811DA4045700E9E68D /* Assets.xcassets */; };
		D4C7FD851DA4045700E9E68D /* LaunchScreen.storyboard in Resources */ = {isa = PBXBuildFile; fileRef = D4C7FD831DA4045700E9E68D /* LaunchScreen.storyboard */; };
/* End PBXBuildFile section */

/* Begin PBXFileReference section */
		D4C7FD771DA4045700E9E68D /* Swift App 2.app */ = {isa = PBXFileReference; explicitFileType = wrapper.application; includeInIndex = 0; path = "Swift App 2.app"; sourceTree = BUILT_PRODUCTS_DIR; };
		D4C7FD7A1DA4045700E9E68D /* AppDelegate.swift */ = {isa = PBXFileReference; lastKnownFileType = sourcecode.swift; path = AppDelegate.swift; sourceTree = "<group>"; };
		D4C7FD7C1DA4045700E9E68D /* ViewController.swift */ = {isa = PBXFileReference; lastKnownFileType = sourcecode.swift; path = ViewController.swift; sourceTree = "<group>"; };
		D4C7FD7F1DA4045700E9E68D /* Base */ = {isa = PBXFileReference; lastKnownFileType = file.storyboard; name = Base; path = Base.lproj/Main.storyboard; sourceTree = "<group>"; };
		D4C7FD811DA4045700E9E68D /* Assets.xcassets */ = {isa = PBXFileReference; lastKnownFileType = folder.assetcatalog; path = Assets.xcassets; sourceTree = "<group>"; };
		D4C7FD841DA4045700E9E68D /* Base */ = {isa = PBXFileReference; lastKnownFileType = file.storyboard; name = Base; path = Base.lproj/LaunchScreen.storyboard; sourceTree = "<group>"; };
		D4C7FD861DA4045700E9E68D /* Info.plist */ = {isa = PBXFileReference; lastKnownFileType = text.plist.xml; path = Info.plist; sourceTree = "<group>"; };
/* End PBXFileReference section */

/* Begin PBXFrameworksBuildPhase section */
		D4C7FD741DA4045700E9E68D /* Frameworks */ = {
			isa = PBXFrameworksBuildPhase;
			buildActionMask = 2147483647;
			files = (
			);
			runOnlyForDeploymentPostprocessing = 0;
		};
/* End PBXFrameworksBuildPhase section */

/* Begin PBXGroup section */
		D4C7FD6E1DA4045600E9E68D = {
			isa = PBXGroup;
			children = (
				D4C7FD791DA4045700E9E68D /* Swift App 2 */,
				D4C7FD781DA4045700E9E68D /* Products */,
			);
			sourceTree = "<group>";
		};
		D4C7FD781DA4045700E9E68D /* Products */ = {
			isa = PBXGroup;
			children = (
				D4C7FD771DA4045700E9E68D /* Swift App 2.app */,
			);
			name = Products;
			sourceTree = "<group>";
		};
		D4C7FD791DA4045700E9E68D /* Swift App 2 */ = {
			isa = PBXGroup;
			children = (
				D4C7FD7A1DA4045700E9E68D /* AppDelegate.swift */,
				D4C7FD7C1DA4045700E9E68D /* ViewController.swift */,
				D4C7FD7E1DA4045700E9E68D /* Main.storyboard */,
				D4C7FD811DA4045700E9E68D /* Assets.xcassets */,
				D4C7FD831DA4045700E9E68D /* LaunchScreen.storyboard */,
				D4C7FD861DA4045700E9E68D /* Info.plist */,
			);
			path = "Swift App 2";
			sourceTree = "<group>";
		};
/* End PBXGroup section */

/* Begin PBXNativeTarget section */
		D4C7FD761DA4045700E9E68D /* Swift App 2 */ = {
			isa = PBXNativeTarget;
			buildConfigurationList = D4C7FD891DA4045700E9E68D /* Build configuration list for PBXNativeTarget "Swift App 2" */;
			buildPhases = (
				D4C7FD731DA4045700E9E68D /* Sources */,
				D4C7FD741DA4045700E9E68D /* Frameworks */,
				D4C7FD751DA4045700E9E68D /* Resources */,
			);
			buildRules = (
			);
			dependencies = (
			);
			name = "Swift App 2";
			productName = "Swift App 2";
			productReference = D4C7FD771DA4045700E9E68D /* Swift App 2.app */;
			productType = "com.apple.product-type.application";
		};
/* End PBXNativeTarget section */

/* Begin PBXProject section */
		D4C7FD6F1DA4045600E9E68D /* Project object */ = {
			isa = PBXProject;
			attributes = {
				LastSwiftUpdateCheck = 0800;
				LastUpgradeCheck = 0800;
				ORGANIZATIONNAME = "Marc Joseph  Marc Alan  streeter";
				TargetAttributes = {
					D4C7FD761DA4045700E9E68D = {
						CreatedOnToolsVersion = 8.0;
						ProvisioningStyle = Automatic;
					};
				};
			};
			buildConfigurationList = D4C7FD721DA4045600E9E68D /* Build configuration list for PBXProject "Swift App 2" */;
			compatibilityVersion = "Xcode 3.2";
			developmentRegion = English;
			hasScannedForEncodings = 0;
			knownRegions = (
				en,
				Base,
			);
			mainGroup = D4C7FD6E1DA4045600E9E68D;
			productRefGroup = D4C7FD781DA4045700E9E68D /* Products */;
			projectDirPath = "";
			projectRoot = "";
			targets = (
				D4C7FD761DA4045700E9E68D /* Swift App 2 */,
			);
		};
/* End PBXProject section */

/* Begin PBXResourcesBuildPhase section */
		D4C7FD751DA4045700E9E68D /* Resources */ = {
			isa = PBXResourcesBuildPhase;
			buildActionMask = 2147483647;
			files = (
				D4C7FD851DA4045700E9E68D /* LaunchScreen.storyboard in Resources */,
				D4C7FD821DA4045700E9E68D /* Assets.xcassets in Resources */,
				D4C7FD801DA4045700E9E68D /* Main.storyboard in Resources */,
			);
			runOnlyForDeploymentPostprocessing = 0;
		};
/* End PBXResourcesBuildPhase section */

/* Begin PBXSourcesBuildPhase section */
		D4C7FD731DA4045700E9E68D /* Sources */ = {
			isa = PBXSourcesBuildPhase;
			buildActionMask = 2147483647;
			files = (
				D4C7FD7D1DA4045700E9E68D /* ViewController.swift in Sources */,
				D4C7FD7B1DA4045700E9E68D /* AppDelegate.swift in Sources */,
			);
			runOnlyForDeploymentPostprocessing = 0;
		};
/* End PBXSourcesBuildPhase section */

/* Begin PBXVariantGroup section */
		D4C7FD7E1DA4045700E9E68D /* Main.storyboard */ = {
			isa = PBXVariantGroup;
			children = (
				D4C7FD7F1DA4045700E9E68D /* Base */,
			);
			name = Main.storyboard;
			sourceTree = "<group>";
		};
		D4C7FD831DA4045700E9E68D /* LaunchScreen.storyboard */ = {
			isa = PBXVariantGroup;
			children = (
				D4C7FD841DA4045700E9E68D /* Base */,
			);
			name = LaunchScreen.storyboard;
			sourceTree = "<group>";
		};
/* End PBXVariantGroup section */

/* Begin XCBuildConfiguration section */
		D4C7FD871DA4045700E9E68D /* Debug */ = {
			isa = XCBuildConfiguration;
			buildSettings = {
				ALWAYS_SEARCH_USER_PATHS = NO;
				CLANG_ANALYZER_NONNULL = YES;
				CLANG_CXX_LANGUAGE_STANDARD = "gnu++0x";
				CLANG_CXX_LIBRARY = "libc++";
				CLANG_ENABLE_MODULES = YES;
				CLANG_ENABLE_OBJC_ARC = YES;
				CLANG_WARN_BOOL_CONVERSION = YES;
				CLANG_WARN_CONSTANT_CONVERSION = YES;
				CLANG_WARN_DIRECT_OBJC_ISA_USAGE = YES_ERROR;
				CLANG_WARN_DOCUMENTATION_COMMENTS = YES;
				CLANG_WARN_EMPTY_BODY = YES;
				CLANG_WARN_ENUM_CONVERSION = YES;
				CLANG_WARN_INFINITE_RECURSION = YES;
				CLANG_WARN_INT_CONVERSION = YES;
				CLANG_WARN_OBJC_ROOT_CLASS = YES_ERROR;
				CLANG_WARN_SUSPICIOUS_MOVES = YES;
				CLANG_WARN_UNREACHABLE_CODE = YES;
				CLANG_WARN__DUPLICATE_METHOD_MATCH = YES;
				"CODE_SIGN_IDENTITY[sdk=iphoneos*]" = "iPhone Developer";
				COPY_PHASE_STRIP = NO;
				DEBUG_INFORMATION_FORMAT = dwarf;
				ENABLE_STRICT_OBJC_MSGSEND = YES;
				ENABLE_TESTABILITY = YES;
				GCC_C_LANGUAGE_STANDARD = gnu99;
				GCC_DYNAMIC_NO_PIC = NO;
				GCC_NO_COMMON_BLOCKS = YES;
				GCC_OPTIMIZATION_LEVEL = 0;
				GCC_PREPROCESSOR_DEFINITIONS = (
					"DEBUG=1",
					"$(inherited)",
				);
				GCC_WARN_64_TO_32_BIT_CONVERSION = YES;
				GCC_WARN_ABOUT_RETURN_TYPE = YES_ERROR;
				GCC_WARN_UNDECLARED_SELECTOR = YES;
				GCC_WARN_UNINITIALIZED_AUTOS = YES_AGGRESSIVE;
				GCC_WARN_UNUSED_FUNCTION = YES;
				GCC_WARN_UNUSED_VARIABLE = YES;
				IPHONEOS_DEPLOYMENT_TARGET = 10.0;
				MTL_ENABLE_DEBUG_INFO = YES;
				ONLY_ACTIVE_ARCH = YES;
				SDKROOT = iphoneos;
				SWIFT_ACTIVE_COMPILATION_CONDITIONS = DEBUG;
				SWIFT_OPTIMIZATION_LEVEL = "-Onone";
				TARGETED_DEVICE_FAMILY = "1,2";
			};
			name = Debug;
		};
		D4C7FD881DA4045700E9E68D /* Release */ = {
			isa = XCBuildConfiguration;
			buildSettings = {
				ALWAYS_SEARCH_USER_PATHS = NO;
				CLANG_ANALYZER_NONNULL = YES;
				CLANG_CXX_LANGUAGE_STANDARD = "gnu++0x";
				CLANG_CXX_LIBRARY = "libc++";
				CLANG_ENABLE_MODULES = YES;
				CLANG_ENABLE_OBJC_ARC = YES;
				CLANG_WARN_BOOL_CONVERSION = YES;
				CLANG_WARN_CONSTANT_CONVERSION = YES;
				CLANG_WARN_DIRECT_OBJC_ISA_USAGE = YES_ERROR;
				CLANG_WARN_DOCUMENTATION_COMMENTS = YES;
				CLANG_WARN_EMPTY_BODY = YES;
				CLANG_WARN_ENUM_CONVERSION = YES;
				CLANG_WARN_INFINITE_RECURSION = YES;
				CLANG_WARN_INT_CONVERSION = YES;
				CLANG_WARN_OBJC_ROOT_CLASS = YES_ERROR;
				CLANG_WARN_SUSPICIOUS_MOVES = YES;
				CLANG_WARN_UNREACHABLE_CODE = YES;
				CLANG_WARN__DUPLICATE_METHOD_MATCH = YES;
				"CODE_SIGN_IDENTITY[sdk=iphoneos*]" = "iPhone Developer";
				COPY_PHASE_STRIP = NO;
				DEBUG_INFORMATION_FORMAT = "dwarf-with-dsym";
				ENABLE_NS_ASSERTIONS = NO;
				ENABLE_STRICT_OBJC_MSGSEND = YES;
				GCC_C_LANGUAGE_STANDARD = gnu99;
				GCC_NO_COMMON_BLOCKS = YES;
				GCC_WARN_64_TO_32_BIT_CONVERSION = YES;
				GCC_WARN_ABOUT_RETURN_TYPE = YES_ERROR;
				GCC_WARN_UNDECLARED_SELECTOR = YES;
				GCC_WARN_UNINITIALIZED_AUTOS = YES_AGGRESSIVE;
				GCC_WARN_UNUSED_FUNCTION = YES;
				GCC_WARN_UNUSED_VARIABLE = YES;
				IPHONEOS_DEPLOYMENT_TARGET = 10.0;
				MTL_ENABLE_DEBUG_INFO = NO;
				SDKROOT = iphoneos;
				SWIFT_OPTIMIZATION_LEVEL = "-Owholemodule";
				TARGETED_DEVICE_FAMILY = "1,2";
				VALIDATE_PRODUCT = YES;
			};
			name = Release;
		};
		D4C7FD8A1DA4045700E9E68D /* Debug */ = {
			isa = XCBuildConfiguration;
			buildSettings = {
				ASSETCATALOG_COMPILER_APPICON_NAME = AppIcon;
				INFOPLIST_FILE = "Swift App 2/Info.plist";
				LD_RUNPATH_SEARCH_PATHS = "$(inherited) @executable_path/Frameworks";
				PRODUCT_BUNDLE_IDENTIFIER = "Marc-joseph---Marc-alan-streeter.Swift-App-2";
				PRODUCT_NAME = "$(TARGET_NAME)";
				SWIFT_VERSION = 3.0;
			};
			name = Debug;
		};
		D4C7FD8B1DA4045700E9E68D /* Release */ = {
			isa = XCBuildConfiguration;
			buildSettings = {
				ASSETCATALOG_COMPILER_APPICON_NAME = AppIcon;
				INFOPLIST_FILE = "Swift App 2/Info.plist";
				LD_RUNPATH_SEARCH_PATHS = "$(inherited) @executable_path/Frameworks";
				PRODUCT_BUNDLE_IDENTIFIER = "Marc-joseph---Marc-alan-streeter.Swift-App-2";
				PRODUCT_NAME = "$(TARGET_NAME)";
				SWIFT_VERSION = 3.0;
			};
			name = Release;
		};
/* End XCBuildConfiguration section */

/* Begin XCConfigurationList section */
		D4C7FD721DA4045600E9E68D /* Build configuration list for PBXProject "Swift App 2" */ = {
			isa = XCConfigurationList;
			buildConfigurations = (
				D4C7FD871DA4045700E9E68D /* Debug */,
				D4C7FD881DA4045700E9E68D /* Release */,
			);
			defaultConfigurationIsVisible = 0;
			defaultConfigurationName = Release;
		};
		D4C7FD891DA4045700E9E68D /* Build configuration list for PBXNativeTarget "Swift App 2" */ = {
			isa = XCConfigurationList;
			buildConfigurations = (
				D4C7FD8A1DA4045700E9E68D /* Debug */,
				D4C7FD8B1DA4045700E9E68D /* Release */,
			);
			defaultConfigurationIsVisible = 0;
		};
/* End XCConfigurationList section */
	};
	rootObject = D4C7FD6F1DA4045600E9E68D /* Project object */;
}
